
Microsoft Visual Studio Solution File, Format Version 12.00
# Visual Studio Version 17
VisualStudioVersion = 17.13.35825.156 d17.13
MinimumVisualStudioVersion = 10.0.40219.1
Project("{FAE04EC0-301F-11D3-BF4B-00C04F79EFBC}") = "ApiWithRoles", "ApiWithRoles\ApiWithRoles.csproj", "{93456FE1-7031-4174-8DDC-EA36EC1D3086}"
EndProject
Global
	GlobalSection(SolutionConfigurationPlatforms) = preSolution
		Debug|Any CPU = Debug|Any CPU
		Release|Any CPU = Release|Any CPU
	EndGlobalSection
	GlobalSection(ProjectConfigurationPlatforms) = postSolution
		{93456FE1-7031-4174-8DDC-EA36EC1D3086}.Debug|Any CPU.ActiveCfg = Debug|Any CPU
		{93456FE1-7031-4174-8DDC-EA36EC1D3086}.Debug|Any CPU.Build.0 = Debug|Any CPU
		{93456FE1-7031-4174-8DDC-EA36EC1D3086}.Release|Any CPU.ActiveCfg = Release|Any CPU
		{93456FE1-7031-4174-8DDC-EA36EC1D3086}.Release|Any CPU.Build.0 = Release|Any CPU
	EndGlobalSection
	GlobalSection(SolutionProperties) = preSolution
		HideSolutionNode = FALSE
	EndGlobalSection
	GlobalSection(ExtensibilityGlobals) = postSolution
		SolutionGuid = {C34B147A-4AEB-4DAC-9496-65C5358FFB97}
	EndGlobalSection
EndGlobal
